
Microsoft Visual Studio Solution File, Format Version 12.00
# Visual Studio Version 17
VisualStudioVersion = 17.1.32328.378
MinimumVisualStudioVersion = 10.0.40219.1
Project("{9A19103F-16F7-4668-BE54-9A1E7A4F7556}") = "Asm2", "Asm2\Asm2.csproj", "{CDA44D61-61FF-45D9-863C-8F9A68BD91A1}"
EndProject
Project("{9A19103F-16F7-4668-BE54-9A1E7A4F7556}") = "BusinessLayer", "BusinessLayer\BusinessLayer.csproj", "{BE946FD7-61B2-4116-A46E-C4EF2805C0CC}"
EndProject
Project("{9A19103F-16F7-4668-BE54-9A1E7A4F7556}") = "DataAccess", "DataAccess\DataAccess.csproj", "{A974A97B-1999-4CFE-B164-F75E1563ED86}"
EndProject
Project("{FAE04EC0-301F-11D3-BF4B-00C04F79EFBC}") = "ProductForm", "ProductForm\ProductForm.csproj", "{5F6D5B5E-D6BB-4BA4-9D36-9DAEBE35F956}"
EndProject
Global
	GlobalSection(SolutionConfigurationPlatforms) = preSolution
		Debug|Any CPU = Debug|Any CPU
		Release|Any CPU = Release|Any CPU
	EndGlobalSection
	GlobalSection(ProjectConfigurationPlatforms) = postSolution
		{CDA44D61-61FF-45D9-863C-8F9A68BD91A1}.Debug|Any CPU.ActiveCfg = Debug|Any CPU
		{CDA44D61-61FF-45D9-863C-8F9A68BD91A1}.Debug|Any CPU.Build.0 = Debug|Any CPU
		{CDA44D61-61FF-45D9-863C-8F9A68BD91A1}.Release|Any CPU.ActiveCfg = Release|Any CPU
		{CDA44D61-61FF-45D9-863C-8F9A68BD91A1}.Release|Any CPU.Build.0 = Release|Any CPU
		{BE946FD7-61B2-4116-A46E-C4EF2805C0CC}.Debug|Any CPU.ActiveCfg = Debug|Any CPU
		{BE946FD7-61B2-4116-A46E-C4EF2805C0CC}.Debug|Any CPU.Build.0 = Debug|Any CPU
		{BE946FD7-61B2-4116-A46E-C4EF2805C0CC}.Release|Any CPU.ActiveCfg = Release|Any CPU
		{BE946FD7-61B2-4116-A46E-C4EF2805C0CC}.Release|Any CPU.Build.0 = Release|Any CPU
		{A974A97B-1999-4CFE-B164-F75E1563ED86}.Debug|Any CPU.ActiveCfg = Debug|Any CPU
		{A974A97B-1999-4CFE-B164-F75E1563ED86}.Debug|Any CPU.Build.0 = Debug|Any CPU
		{A974A97B-1999-4CFE-B164-F75E1563ED86}.Release|Any CPU.ActiveCfg = Release|Any CPU
		{A974A97B-1999-4CFE-B164-F75E1563ED86}.Release|Any CPU.Build.0 = Release|Any CPU
		{5F6D5B5E-D6BB-4BA4-9D36-9DAEBE35F956}.Debug|Any CPU.ActiveCfg = Debug|Any CPU
		{5F6D5B5E-D6BB-4BA4-9D36-9DAEBE35F956}.Debug|Any CPU.Build.0 = Debug|Any CPU
		{5F6D5B5E-D6BB-4BA4-9D36-9DAEBE35F956}.Release|Any CPU.ActiveCfg = Release|Any CPU
		{5F6D5B5E-D6BB-4BA4-9D36-9DAEBE35F956}.Release|Any CPU.Build.0 = Release|Any CPU
	EndGlobalSection
	GlobalSection(SolutionProperties) = preSolution
		HideSolutionNode = FALSE
	EndGlobalSection
	GlobalSection(ExtensibilityGlobals) = postSolution
		SolutionGuid = {A8FA09D9-970D-4086-85DD-3C80904F044C}
	EndGlobalSection
EndGlobal
